
Microsoft Visual Studio Solution File, Format Version 12.00
# Visual Studio 14
VisualStudioVersion = 14.0.25420.1
MinimumVisualStudioVersion = 10.0.40219.1
Project("{FAE04EC0-301F-11D3-BF4B-00C04F79EFBC}") = "Cnblogs.XamarinAndroid", "Cnblogs.XamarinAndroid\Cnblogs.XamarinAndroid.csproj", "{7D30AAB4-004B-485D-A166-895C53E8551D}"
EndProject
Project("{FAE04EC0-301F-11D3-BF4B-00C04F79EFBC}") = "Cnblogs.ApiModel", "Cnblogs.ApiModel\Cnblogs.ApiModel.csproj", "{F8B13117-3453-42CE-90CB-936388C94FDD}"
EndProject
Project("{FAE04EC0-301F-11D3-BF4B-00C04F79EFBC}") = "Cnblogs.HttpClient", "ClassLibrary1\Cnblogs.HttpClient.csproj", "{40F9A8F1-7CE6-404D-81D0-1F4D3E09CED5}"
EndProject
Project("{FAE04EC0-301F-11D3-BF4B-00C04F79EFBC}") = "UniversalImageLoader", "UniversalImageLoader\UniversalImageLoader.csproj", "{B3A4FC42-23FD-4AD3-89EF-1265A2032ADC}"
EndProject
Project("{FAE04EC0-301F-11D3-BF4B-00C04F79EFBC}") = "UMeng", "UMeng\UMeng.csproj", "{5DAB46DB-1265-4C24-9A3D-30E2D7A6738D}"
EndProject
Project("{FAE04EC0-301F-11D3-BF4B-00C04F79EFBC}") = "UMeng.Shares", "..\..\git\Cnblogs\UMeng.Shares\UMeng.Shares.csproj", "{BEACBC23-E993-487A-B676-C17D1C900C89}"
EndProject
Global
	GlobalSection(SolutionConfigurationPlatforms) = preSolution
		Debug|Any CPU = Debug|Any CPU
		Release|Any CPU = Release|Any CPU
	EndGlobalSection
	GlobalSection(ProjectConfigurationPlatforms) = postSolution
		{7D30AAB4-004B-485D-A166-895C53E8551D}.Debug|Any CPU.ActiveCfg = Debug|Any CPU
		{7D30AAB4-004B-485D-A166-895C53E8551D}.Debug|Any CPU.Build.0 = Debug|Any CPU
		{7D30AAB4-004B-485D-A166-895C53E8551D}.Debug|Any CPU.Deploy.0 = Debug|Any CPU
		{7D30AAB4-004B-485D-A166-895C53E8551D}.Release|Any CPU.ActiveCfg = Release|Any CPU
		{7D30AAB4-004B-485D-A166-895C53E8551D}.Release|Any CPU.Build.0 = Release|Any CPU
		{7D30AAB4-004B-485D-A166-895C53E8551D}.Release|Any CPU.Deploy.0 = Release|Any CPU
		{F8B13117-3453-42CE-90CB-936388C94FDD}.Debug|Any CPU.ActiveCfg = Debug|Any CPU
		{F8B13117-3453-42CE-90CB-936388C94FDD}.Debug|Any CPU.Build.0 = Debug|Any CPU
		{F8B13117-3453-42CE-90CB-936388C94FDD}.Release|Any CPU.ActiveCfg = Release|Any CPU
		{F8B13117-3453-42CE-90CB-936388C94FDD}.Release|Any CPU.Build.0 = Release|Any CPU
		{40F9A8F1-7CE6-404D-81D0-1F4D3E09CED5}.Debug|Any CPU.ActiveCfg = Debug|Any CPU
		{40F9A8F1-7CE6-404D-81D0-1F4D3E09CED5}.Debug|Any CPU.Build.0 = Debug|Any CPU
		{40F9A8F1-7CE6-404D-81D0-1F4D3E09CED5}.Release|Any CPU.ActiveCfg = Release|Any CPU
		{40F9A8F1-7CE6-404D-81D0-1F4D3E09CED5}.Release|Any CPU.Build.0 = Release|Any CPU
		{B3A4FC42-23FD-4AD3-89EF-1265A2032ADC}.Debug|Any CPU.ActiveCfg = Debug|Any CPU
		{B3A4FC42-23FD-4AD3-89EF-1265A2032ADC}.Debug|Any CPU.Build.0 = Debug|Any CPU
		{B3A4FC42-23FD-4AD3-89EF-1265A2032ADC}.Release|Any CPU.ActiveCfg = Release|Any CPU
		{B3A4FC42-23FD-4AD3-89EF-1265A2032ADC}.Release|Any CPU.Build.0 = Release|Any CPU
		{5DAB46DB-1265-4C24-9A3D-30E2D7A6738D}.Debug|Any CPU.ActiveCfg = Debug|Any CPU
		{5DAB46DB-1265-4C24-9A3D-30E2D7A6738D}.Debug|Any CPU.Build.0 = Debug|Any CPU
		{5DAB46DB-1265-4C24-9A3D-30E2D7A6738D}.Release|Any CPU.ActiveCfg = Release|Any CPU
		{5DAB46DB-1265-4C24-9A3D-30E2D7A6738D}.Release|Any CPU.Build.0 = Release|Any CPU
		{BEACBC23-E993-487A-B676-C17D1C900C89}.Debug|Any CPU.ActiveCfg = Debug|Any CPU
		{BEACBC23-E993-487A-B676-C17D1C900C89}.Debug|Any CPU.Build.0 = Debug|Any CPU
		{BEACBC23-E993-487A-B676-C17D1C900C89}.Release|Any CPU.ActiveCfg = Release|Any CPU
		{BEACBC23-E993-487A-B676-C17D1C900C89}.Release|Any CPU.Build.0 = Release|Any CPU
	EndGlobalSection
	GlobalSection(SolutionProperties) = preSolution
		HideSolutionNode = FALSE
	EndGlobalSection
EndGlobal
